
Microsoft Visual Studio Solution File, Format Version 12.00
# Visual Studio Version 17
VisualStudioVersion = 17.7.34202.233
MinimumVisualStudioVersion = 10.0.40219.1
Project("{FAE04EC0-301F-11D3-BF4B-00C04F79EFBC}") = "PresentationLayer", "PresentationLayer\PresentationLayer.csproj", "{60642CAD-18AB-4CA1-A4A3-48625F34796B}"
EndProject
Project("{FAE04EC0-301F-11D3-BF4B-00C04F79EFBC}") = "DataAccessLayer", "DataAccessLayer\DataAccessLayer.csproj", "{BBA73A56-867B-46B9-859D-8AC4E8BB040A}"
EndProject
Project("{FAE04EC0-301F-11D3-BF4B-00C04F79EFBC}") = "BusinessLayer", "BusinessLayer\BusinessLayer.csproj", "{8D217A26-A9EC-45F1-9A29-C940BE7BF315}"
EndProject
Global
	GlobalSection(SolutionConfigurationPlatforms) = preSolution
		Debug|Any CPU = Debug|Any CPU
		Release|Any CPU = Release|Any CPU
	EndGlobalSection
	GlobalSection(ProjectConfigurationPlatforms) = postSolution
		{60642CAD-18AB-4CA1-A4A3-48625F34796B}.Debug|Any CPU.ActiveCfg = Debug|Any CPU
		{60642CAD-18AB-4CA1-A4A3-48625F34796B}.Debug|Any CPU.Build.0 = Debug|Any CPU
		{60642CAD-18AB-4CA1-A4A3-48625F34796B}.Release|Any CPU.ActiveCfg = Release|Any CPU
		{60642CAD-18AB-4CA1-A4A3-48625F34796B}.Release|Any CPU.Build.0 = Release|Any CPU
		{BBA73A56-867B-46B9-859D-8AC4E8BB040A}.Debug|Any CPU.ActiveCfg = Debug|Any CPU
		{BBA73A56-867B-46B9-859D-8AC4E8BB040A}.Debug|Any CPU.Build.0 = Debug|Any CPU
		{BBA73A56-867B-46B9-859D-8AC4E8BB040A}.Release|Any CPU.ActiveCfg = Release|Any CPU
		{BBA73A56-867B-46B9-859D-8AC4E8BB040A}.Release|Any CPU.Build.0 = Release|Any CPU
		{8D217A26-A9EC-45F1-9A29-C940BE7BF315}.Debug|Any CPU.ActiveCfg = Debug|Any CPU
		{8D217A26-A9EC-45F1-9A29-C940BE7BF315}.Debug|Any CPU.Build.0 = Debug|Any CPU
		{8D217A26-A9EC-45F1-9A29-C940BE7BF315}.Release|Any CPU.ActiveCfg = Release|Any CPU
		{8D217A26-A9EC-45F1-9A29-C940BE7BF315}.Release|Any CPU.Build.0 = Release|Any CPU
	EndGlobalSection
	GlobalSection(SolutionProperties) = preSolution
		HideSolutionNode = FALSE
	EndGlobalSection
	GlobalSection(ExtensibilityGlobals) = postSolution
		SolutionGuid = {3231B7E8-25C8-49B8-9BEE-582B247642DC}
	EndGlobalSection
EndGlobal
